
Microsoft Visual Studio Solution File, Format Version 12.00
# Visual Studio 15
VisualStudioVersion = 15.0.27130.2003
MinimumVisualStudioVersion = 10.0.40219.1
Project("{888888A0-9F3D-457C-B088-3A5042F75D52}") = "BreakingCaptcha", "BreakingCaptcha\BreakingCaptcha.pyproj", "{0A29F0C2-CE8B-4E35-B581-95DDEBF66BA5}"
EndProject
Global
	GlobalSection(SolutionConfigurationPlatforms) = preSolution
		Debug|Any CPU = Debug|Any CPU
		Release|Any CPU = Release|Any CPU
	EndGlobalSection
	GlobalSection(ProjectConfigurationPlatforms) = postSolution
		{0A29F0C2-CE8B-4E35-B581-95DDEBF66BA5}.Debug|Any CPU.ActiveCfg = Debug|Any CPU
		{0A29F0C2-CE8B-4E35-B581-95DDEBF66BA5}.Release|Any CPU.ActiveCfg = Release|Any CPU
	EndGlobalSection
	GlobalSection(SolutionProperties) = preSolution
		HideSolutionNode = FALSE
	EndGlobalSection
	GlobalSection(ExtensibilityGlobals) = postSolution
		SolutionGuid = {C1BA0009-A49B-48C2-B238-4FBD67C3086F}
	EndGlobalSection
EndGlobal
